
Microsoft Visual Studio Solution File, Format Version 12.00
# Visual Studio Version 17
VisualStudioVersion = 17.13.35818.85
MinimumVisualStudioVersion = 10.0.40219.1
Project("{FAE04EC0-301F-11D3-BF4B-00C04F79EFBC}") = "HW4NoteKeeperEx2", "HW4NoteKeeper\HW4NoteKeeperEx2.csproj", "{642F49EB-E572-45D0-949A-87AF481FFF82}"
EndProject
Project("{FAE04EC0-301F-11D3-BF4B-00C04F79EFBC}") = "HW4AzureFunctionsEx2", "HW4AzureFunctions\HW4AzureFunctionsEx2.csproj", "{FFD9D17D-DF05-4F63-8BB9-B90FA561AA09}"
EndProject
Project("{FAE04EC0-301F-11D3-BF4B-00C04F79EFBC}") = "HW4NoteKeeperWebJob", "HW4NoteKeeperWebJob\HW4NoteKeeperWebJob.csproj", "{2F86E78D-8770-4B33-B183-D86CE0416335}"
EndProject
Global
	GlobalSection(SolutionConfigurationPlatforms) = preSolution
		Debug|Any CPU = Debug|Any CPU
		Release|Any CPU = Release|Any CPU
	EndGlobalSection
	GlobalSection(ProjectConfigurationPlatforms) = postSolution
		{642F49EB-E572-45D0-949A-87AF481FFF82}.Debug|Any CPU.ActiveCfg = Debug|Any CPU
		{642F49EB-E572-45D0-949A-87AF481FFF82}.Debug|Any CPU.Build.0 = Debug|Any CPU
		{642F49EB-E572-45D0-949A-87AF481FFF82}.Release|Any CPU.ActiveCfg = Release|Any CPU
		{642F49EB-E572-45D0-949A-87AF481FFF82}.Release|Any CPU.Build.0 = Release|Any CPU
		{FFD9D17D-DF05-4F63-8BB9-B90FA561AA09}.Debug|Any CPU.ActiveCfg = Debug|Any CPU
		{FFD9D17D-DF05-4F63-8BB9-B90FA561AA09}.Debug|Any CPU.Build.0 = Debug|Any CPU
		{FFD9D17D-DF05-4F63-8BB9-B90FA561AA09}.Release|Any CPU.ActiveCfg = Release|Any CPU
		{FFD9D17D-DF05-4F63-8BB9-B90FA561AA09}.Release|Any CPU.Build.0 = Release|Any CPU
		{2F86E78D-8770-4B33-B183-D86CE0416335}.Debug|Any CPU.ActiveCfg = Debug|Any CPU
		{2F86E78D-8770-4B33-B183-D86CE0416335}.Debug|Any CPU.Build.0 = Debug|Any CPU
		{2F86E78D-8770-4B33-B183-D86CE0416335}.Release|Any CPU.ActiveCfg = Release|Any CPU
		{2F86E78D-8770-4B33-B183-D86CE0416335}.Release|Any CPU.Build.0 = Release|Any CPU
	EndGlobalSection
	GlobalSection(SolutionProperties) = preSolution
		HideSolutionNode = FALSE
	EndGlobalSection
	GlobalSection(ExtensibilityGlobals) = postSolution
		SolutionGuid = {2433FBED-4305-4E4E-AED9-F3DA1CBF6124}
	EndGlobalSection
EndGlobal
